
Microsoft Visual Studio Solution File, Format Version 12.00
# Visual Studio 2013
Project("{8BC9CEB8-8B4A-11D0-8D11-00A0C91BC942}") = "Snowflake", "Snowflake.vcxproj", "{FB9B41C6-FEF0-46F8-8AD0-BD5950644802}"
EndProject
Global
	GlobalSection(SolutionConfigurationPlatforms) = preSolution
		Debug|Win32 = Debug|Win32
		Release|Win32 = Release|Win32
	EndGlobalSection
	GlobalSection(ProjectConfigurationPlatforms) = postSolution
		{FB9B41C6-FEF0-46F8-8AD0-BD5950644802}.Debug|Win32.ActiveCfg = Debug|Win32
		{FB9B41C6-FEF0-46F8-8AD0-BD5950644802}.Debug|Win32.Build.0 = Debug|Win32
		{FB9B41C6-FEF0-46F8-8AD0-BD5950644802}.Release|Win32.ActiveCfg = Release|Win32
		{FB9B41C6-FEF0-46F8-8AD0-BD5950644802}.Release|Win32.Build.0 = Release|Win32
	EndGlobalSection
	GlobalSection(SolutionProperties) = preSolution
		HideSolutionNode = FALSE
	EndGlobalSection
EndGlobal
